
Microsoft Visual Studio Solution File, Format Version 12.00
# Visual Studio Version 17
VisualStudioVersion = 17.6.33829.357
MinimumVisualStudioVersion = 10.0.40219.1
Project("{9A19103F-16F7-4668-BE54-9A1E7A4F7556}") = "OnlineStore", "OnlineStore.csproj", "{C11BA0BB-3EEF-499D-9E23-4F4C81388A25}"
EndProject
Global
	GlobalSection(SolutionConfigurationPlatforms) = preSolution
		Debug|Any CPU = Debug|Any CPU
		Release|Any CPU = Release|Any CPU
	EndGlobalSection
	GlobalSection(ProjectConfigurationPlatforms) = postSolution
		{C11BA0BB-3EEF-499D-9E23-4F4C81388A25}.Debug|Any CPU.ActiveCfg = Debug|Any CPU
		{C11BA0BB-3EEF-499D-9E23-4F4C81388A25}.Debug|Any CPU.Build.0 = Debug|Any CPU
		{C11BA0BB-3EEF-499D-9E23-4F4C81388A25}.Release|Any CPU.ActiveCfg = Release|Any CPU
		{C11BA0BB-3EEF-499D-9E23-4F4C81388A25}.Release|Any CPU.Build.0 = Release|Any CPU
	EndGlobalSection
	GlobalSection(SolutionProperties) = preSolution
		HideSolutionNode = FALSE
	EndGlobalSection
	GlobalSection(ExtensibilityGlobals) = postSolution
		SolutionGuid = {795C4B29-070A-48EF-88E8-CAAAD0FA10B8}
	EndGlobalSection
EndGlobal
